// !$*UTF8*$!
{
	archiveVersion = 1;
	classes = {
	};
	objectVersion = 46;
	objects = {

/* Begin PBXBuildFile section */
		911891AE1E677A6800B578C6 /* CustomButton.swift in Sources */ = {isa = PBXBuildFile; fileRef = 911891AD1E677A6800B578C6 /* CustomButton.swift */; };
		911891B21E677D6D00B578C6 /* StudentLocation.swift in Sources */ = {isa = PBXBuildFile; fileRef = 911891B11E677D6D00B578C6 /* StudentLocation.swift */; };
		911891B41E677FE600B578C6 /* UdacityClient.swift in Sources */ = {isa = PBXBuildFile; fileRef = 911891B31E677FE600B578C6 /* UdacityClient.swift */; };
		911891B61E6780F800B578C6 /* ParseClient.swift in Sources */ = {isa = PBXBuildFile; fileRef = 911891B51E6780F800B578C6 /* ParseClient.swift */; };
		911891B81E67810700B578C6 /* ParseConvenience.swift in Sources */ = {isa = PBXBuildFile; fileRef = 911891B71E67810700B578C6 /* ParseConvenience.swift */; };
		911891BA1E67813800B578C6 /* UdacityConvenience.swift in Sources */ = {isa = PBXBuildFile; fileRef = 911891B91E67813800B578C6 /* UdacityConvenience.swift */; };
		911891BC1E67822F00B578C6 /* UdacityConstants.swift in Sources */ = {isa = PBXBuildFile; fileRef = 911891BB1E67822F00B578C6 /* UdacityConstants.swift */; };
		911891BE1E67833500B578C6 /* ParseConstants.swift in Sources */ = {isa = PBXBuildFile; fileRef = 911891BD1E67833500B578C6 /* ParseConstants.swift */; };
		911891C01E678F8C00B578C6 /* TabBarController.swift in Sources */ = {isa = PBXBuildFile; fileRef = 911891BF1E678F8C00B578C6 /* TabBarController.swift */; };
		911BA3131E690A4A00CBEBCC /* StudentCell.swift in Sources */ = {isa = PBXBuildFile; fileRef = 911BA3121E690A4A00CBEBCC /* StudentCell.swift */; };
		911BA3151E6922D900CBEBCC /* MakePostViewController.swift in Sources */ = {isa = PBXBuildFile; fileRef = 911BA3141E6922D900CBEBCC /* MakePostViewController.swift */; };
		911BA3171E6926BA00CBEBCC /* CustomTextField.swift in Sources */ = {isa = PBXBuildFile; fileRef = 911BA3161E6926BA00CBEBCC /* CustomTextField.swift */; };
		912AB1981E31C2B4009590F1 /* AppDelegate.swift in Sources */ = {isa = PBXBuildFile; fileRef = 912AB1971E31C2B4009590F1 /* AppDelegate.swift */; };
		912AB19A1E31C2B4009590F1 /* LoginViewController.swift in Sources */ = {isa = PBXBuildFile; fileRef = 912AB1991E31C2B4009590F1 /* LoginViewController.swift */; };
		912AB19D1E31C2B4009590F1 /* Main.storyboard in Resources */ = {isa = PBXBuildFile; fileRef = 912AB19B1E31C2B4009590F1 /* Main.storyboard */; };
		912AB19F1E31C2B4009590F1 /* Assets.xcassets in Resources */ = {isa = PBXBuildFile; fileRef = 912AB19E1E31C2B4009590F1 /* Assets.xcassets */; };
		912AB1A21E31C2B4009590F1 /* LaunchScreen.storyboard in Resources */ = {isa = PBXBuildFile; fileRef = 912AB1A01E31C2B4009590F1 /* LaunchScreen.storyboard */; };
		9146F0FA1E679D8000DDFFAA /* MapViewController.swift in Sources */ = {isa = PBXBuildFile; fileRef = 9146F0F91E679D8000DDFFAA /* MapViewController.swift */; };
		9146F0FC1E679DAF00DDFFAA /* TableViewController.swift in Sources */ = {isa = PBXBuildFile; fileRef = 9146F0FB1E679DAF00DDFFAA /* TableViewController.swift */; };
		9146F0FE1E67A02400DDFFAA /* Student.swift in Sources */ = {isa = PBXBuildFile; fileRef = 9146F0FD1E67A02400DDFFAA /* Student.swift */; };
		9146F1001E67A56800DDFFAA /* GCDBlackBox.swift in Sources */ = {isa = PBXBuildFile; fileRef = 9146F0FF1E67A56800DDFFAA /* GCDBlackBox.swift */; };
/* End PBXBuildFile section */

/* Begin PBXFileReference section */
		911891AD1E677A6800B578C6 /* CustomButton.swift */ = {isa = PBXFileReference; fileEncoding = 4; lastKnownFileType = sourcecode.swift; path = CustomButton.swift; sourceTree = "<group>"; };
		911891B11E677D6D00B578C6 /* StudentLocation.swift */ = {isa = PBXFileReference; fileEncoding = 4; lastKnownFileType = sourcecode.swift; path = StudentLocation.swift; sourceTree = "<group>"; };
		911891B31E677FE600B578C6 /* UdacityClient.swift */ = {isa = PBXFileReference; fileEncoding = 4; lastKnownFileType = sourcecode.swift; path = UdacityClient.swift; sourceTree = "<group>"; };
		911891B51E6780F800B578C6 /* ParseClient.swift */ = {isa = PBXFileReference; fileEncoding = 4; lastKnownFileType = sourcecode.swift; path = ParseClient.swift; sourceTree = "<group>"; };
		911891B71E67810700B578C6 /* ParseConvenience.swift */ = {isa = PBXFileReference; fileEncoding = 4; lastKnownFileType = sourcecode.swift; path = ParseConvenience.swift; sourceTree = "<group>"; };
		911891B91E67813800B578C6 /* UdacityConvenience.swift */ = {isa = PBXFileReference; fileEncoding = 4; lastKnownFileType = sourcecode.swift; path = UdacityConvenience.swift; sourceTree = "<group>"; };
		911891BB1E67822F00B578C6 /* UdacityConstants.swift */ = {isa = PBXFileReference; fileEncoding = 4; lastKnownFileType = sourcecode.swift; path = UdacityConstants.swift; sourceTree = "<group>"; };
		911891BD1E67833500B578C6 /* ParseConstants.swift */ = {isa = PBXFileReference; fileEncoding = 4; lastKnownFileType = sourcecode.swift; path = ParseConstants.swift; sourceTree = "<group>"; };
		911891BF1E678F8C00B578C6 /* TabBarController.swift */ = {isa = PBXFileReference; fileEncoding = 4; lastKnownFileType = sourcecode.swift; path = TabBarController.swift; sourceTree = "<group>"; };
		911BA3121E690A4A00CBEBCC /* StudentCell.swift */ = {isa = PBXFileReference; fileEncoding = 4; lastKnownFileType = sourcecode.swift; path = StudentCell.swift; sourceTree = "<group>"; };
		911BA3141E6922D900CBEBCC /* MakePostViewController.swift */ = {isa = PBXFileReference; fileEncoding = 4; lastKnownFileType = sourcecode.swift; path = MakePostViewController.swift; sourceTree = "<group>"; };
		911BA3161E6926BA00CBEBCC /* CustomTextField.swift */ = {isa = PBXFileReference; fileEncoding = 4; lastKnownFileType = sourcecode.swift; path = CustomTextField.swift; sourceTree = "<group>"; };
		912AB1941E31C2B4009590F1 /* OnTheMapReloaded.app */ = {isa = PBXFileReference; explicitFileType = wrapper.application; includeInIndex = 0; path = OnTheMapReloaded.app; sourceTree = BUILT_PRODUCTS_DIR; };
		912AB1971E31C2B4009590F1 /* AppDelegate.swift */ = {isa = PBXFileReference; lastKnownFileType = sourcecode.swift; path = AppDelegate.swift; sourceTree = "<group>"; };
		912AB1991E31C2B4009590F1 /* LoginViewController.swift */ = {isa = PBXFileReference; lastKnownFileType = sourcecode.swift; path = LoginViewController.swift; sourceTree = "<group>"; };
		912AB19C1E31C2B4009590F1 /* Base */ = {isa = PBXFileReference; lastKnownFileType = file.storyboard; name = Base; path = Base.lproj/Main.storyboard; sourceTree = "<group>"; };
		912AB19E1E31C2B4009590F1 /* Assets.xcassets */ = {isa = PBXFileReference; lastKnownFileType = folder.assetcatalog; path = Assets.xcassets; sourceTree = "<group>"; };
		912AB1A11E31C2B4009590F1 /* Base */ = {isa = PBXFileReference; lastKnownFileType = file.storyboard; name = Base; path = Base.lproj/LaunchScreen.storyboard; sourceTree = "<group>"; };
		912AB1A31E31C2B4009590F1 /* Info.plist */ = {isa = PBXFileReference; lastKnownFileType = text.plist.xml; path = Info.plist; sourceTree = "<group>"; };
		9146F0F91E679D8000DDFFAA /* MapViewController.swift */ = {isa = PBXFileReference; fileEncoding = 4; lastKnownFileType = sourcecode.swift; path = MapViewController.swift; sourceTree = "<group>"; };
		9146F0FB1E679DAF00DDFFAA /* TableViewController.swift */ = {isa = PBXFileReference; fileEncoding = 4; lastKnownFileType = sourcecode.swift; path = TableViewController.swift; sourceTree = "<group>"; };
		9146F0FD1E67A02400DDFFAA /* Student.swift */ = {isa = PBXFileReference; fileEncoding = 4; lastKnownFileType = sourcecode.swift; path = Student.swift; sourceTree = "<group>"; };
		9146F0FF1E67A56800DDFFAA /* GCDBlackBox.swift */ = {isa = PBXFileReference; fileEncoding = 4; lastKnownFileType = sourcecode.swift; path = GCDBlackBox.swift; sourceTree = "<group>"; };
/* End PBXFileReference section */

/* Begin PBXFrameworksBuildPhase section */
		912AB1911E31C2B4009590F1 /* Frameworks */ = {
			isa = PBXFrameworksBuildPhase;
			buildActionMask = 2147483647;
			files = (
			);
			runOnlyForDeploymentPostprocessing = 0;
		};
/* End PBXFrameworksBuildPhase section */

/* Begin PBXGroup section */
		912AB18B1E31C2B4009590F1 = {
			isa = PBXGroup;
			children = (
				912AB1961E31C2B4009590F1 /* OnTheMapReloaded */,
				912AB1951E31C2B4009590F1 /* Products */,
			);
			sourceTree = "<group>";
		};
		912AB1951E31C2B4009590F1 /* Products */ = {
			isa = PBXGroup;
			children = (
				912AB1941E31C2B4009590F1 /* OnTheMapReloaded.app */,
			);
			name = Products;
			sourceTree = "<group>";
		};
		912AB1961E31C2B4009590F1 /* OnTheMapReloaded */ = {
			isa = PBXGroup;
			children = (
				912AB1AB1E31D51B009590F1 /* Model */,
				912AB1AA1E31D515009590F1 /* View */,
				912AB1A91E31D511009590F1 /* Controller */,
				912AB1971E31C2B4009590F1 /* AppDelegate.swift */,
				912AB19B1E31C2B4009590F1 /* Main.storyboard */,
				912AB19E1E31C2B4009590F1 /* Assets.xcassets */,
				912AB1A01E31C2B4009590F1 /* LaunchScreen.storyboard */,
				912AB1A31E31C2B4009590F1 /* Info.plist */,
				9146F0FF1E67A56800DDFFAA /* GCDBlackBox.swift */,
			);
			path = OnTheMapReloaded;
			sourceTree = "<group>";
		};
		912AB1A91E31D511009590F1 /* Controller */ = {
			isa = PBXGroup;
			children = (
				912AB1991E31C2B4009590F1 /* LoginViewController.swift */,
				911891BF1E678F8C00B578C6 /* TabBarController.swift */,
				9146F0F91E679D8000DDFFAA /* MapViewController.swift */,
				9146F0FB1E679DAF00DDFFAA /* TableViewController.swift */,
				911BA3141E6922D900CBEBCC /* MakePostViewController.swift */,
			);
			name = Controller;
			sourceTree = "<group>";
		};
		912AB1AA1E31D515009590F1 /* View */ = {
			isa = PBXGroup;
			children = (
				911891AD1E677A6800B578C6 /* CustomButton.swift */,
				911BA3121E690A4A00CBEBCC /* StudentCell.swift */,
				911BA3161E6926BA00CBEBCC /* CustomTextField.swift */,
			);
			name = View;
			sourceTree = "<group>";
		};
		912AB1AB1E31D51B009590F1 /* Model */ = {
			isa = PBXGroup;
			children = (
				91601DF21E34287F00E9C58C /* Clients */,
			);
			name = Model;
			sourceTree = "<group>";
		};
		91601DF21E34287F00E9C58C /* Clients */ = {
			isa = PBXGroup;
			children = (
				91601DF31E34288700E9C58C /* Parse */,
				91601DF41E34289200E9C58C /* Udacity */,
			);
			name = Clients;
			sourceTree = "<group>";
		};
		91601DF31E34288700E9C58C /* Parse */ = {
			isa = PBXGroup;
			children = (
				911891B51E6780F800B578C6 /* ParseClient.swift */,
				911891B71E67810700B578C6 /* ParseConvenience.swift */,
				911891BD1E67833500B578C6 /* ParseConstants.swift */,
			);
			name = Parse;
			sourceTree = "<group>";
		};
		91601DF41E34289200E9C58C /* Udacity */ = {
			isa = PBXGroup;
			children = (
				911891B11E677D6D00B578C6 /* StudentLocation.swift */,
				911891B31E677FE600B578C6 /* UdacityClient.swift */,
				911891B91E67813800B578C6 /* UdacityConvenience.swift */,
				911891BB1E67822F00B578C6 /* UdacityConstants.swift */,
				9146F0FD1E67A02400DDFFAA /* Student.swift */,
			);
			name = Udacity;
			sourceTree = "<group>";
		};
/* End PBXGroup section */

/* Begin PBXNativeTarget section */
		912AB1931E31C2B4009590F1 /* OnTheMapReloaded */ = {
			isa = PBXNativeTarget;
			buildConfigurationList = 912AB1A61E31C2B4009590F1 /* Build configuration list for PBXNativeTarget "OnTheMapReloaded" */;
			buildPhases = (
				912AB1901E31C2B4009590F1 /* Sources */,
				912AB1911E31C2B4009590F1 /* Frameworks */,
				912AB1921E31C2B4009590F1 /* Resources */,
			);
			buildRules = (
			);
			dependencies = (
			);
			name = OnTheMapReloaded;
			productName = OnTheMapReloaded;
			productReference = 912AB1941E31C2B4009590F1 /* OnTheMapReloaded.app */;
			productType = "com.apple.product-type.application";
		};
/* End PBXNativeTarget section */

/* Begin PBXProject section */
		912AB18C1E31C2B4009590F1 /* Project object */ = {
			isa = PBXProject;
			attributes = {
				LastSwiftUpdateCheck = 0820;
				LastUpgradeCheck = 0820;
				ORGANIZATIONNAME = SeanPerez;
				TargetAttributes = {
					912AB1931E31C2B4009590F1 = {
						CreatedOnToolsVersion = 8.2.1;
						DevelopmentTeam = PW5CGBBSUC;
						ProvisioningStyle = Automatic;
					};
				};
			};
			buildConfigurationList = 912AB18F1E31C2B4009590F1 /* Build configuration list for PBXProject "OnTheMapReloaded" */;
			compatibilityVersion = "Xcode 3.2";
			developmentRegion = English;
			hasScannedForEncodings = 0;
			knownRegions = (
				en,
				Base,
			);
			mainGroup = 912AB18B1E31C2B4009590F1;
			productRefGroup = 912AB1951E31C2B4009590F1 /* Products */;
			projectDirPath = "";
			projectRoot = "";
			targets = (
				912AB1931E31C2B4009590F1 /* OnTheMapReloaded */,
			);
		};
/* End PBXProject section */

/* Begin PBXResourcesBuildPhase section */
		912AB1921E31C2B4009590F1 /* Resources */ = {
			isa = PBXResourcesBuildPhase;
			buildActionMask = 2147483647;
			files = (
				912AB1A21E31C2B4009590F1 /* LaunchScreen.storyboard in Resources */,
				912AB19F1E31C2B4009590F1 /* Assets.xcassets in Resources */,
				912AB19D1E31C2B4009590F1 /* Main.storyboard in Resources */,
			);
			runOnlyForDeploymentPostprocessing = 0;
		};
/* End PBXResourcesBuildPhase section */

/* Begin PBXSourcesBuildPhase section */
		912AB1901E31C2B4009590F1 /* Sources */ = {
			isa = PBXSourcesBuildPhase;
			buildActionMask = 2147483647;
			files = (
				911891B61E6780F800B578C6 /* ParseClient.swift in Sources */,
				911891B81E67810700B578C6 /* ParseConvenience.swift in Sources */,
				9146F0FC1E679DAF00DDFFAA /* TableViewController.swift in Sources */,
				911BA3131E690A4A00CBEBCC /* StudentCell.swift in Sources */,
				911891C01E678F8C00B578C6 /* TabBarController.swift in Sources */,
				9146F1001E67A56800DDFFAA /* GCDBlackBox.swift in Sources */,
				911891B41E677FE600B578C6 /* UdacityClient.swift in Sources */,
				9146F0FE1E67A02400DDFFAA /* Student.swift in Sources */,
				911BA3171E6926BA00CBEBCC /* CustomTextField.swift in Sources */,
				911BA3151E6922D900CBEBCC /* MakePostViewController.swift in Sources */,
				911891BE1E67833500B578C6 /* ParseConstants.swift in Sources */,
				911891BA1E67813800B578C6 /* UdacityConvenience.swift in Sources */,
				911891B21E677D6D00B578C6 /* StudentLocation.swift in Sources */,
				9146F0FA1E679D8000DDFFAA /* MapViewController.swift in Sources */,
				911891BC1E67822F00B578C6 /* UdacityConstants.swift in Sources */,
				912AB19A1E31C2B4009590F1 /* LoginViewController.swift in Sources */,
				912AB1981E31C2B4009590F1 /* AppDelegate.swift in Sources */,
				911891AE1E677A6800B578C6 /* CustomButton.swift in Sources */,
			);
			runOnlyForDeploymentPostprocessing = 0;
		};
/* End PBXSourcesBuildPhase section */

/* Begin PBXVariantGroup section */
		912AB19B1E31C2B4009590F1 /* Main.storyboard */ = {
			isa = PBXVariantGroup;
			children = (
				912AB19C1E31C2B4009590F1 /* Base */,
			);
			name = Main.storyboard;
			sourceTree = "<group>";
		};
		912AB1A01E31C2B4009590F1 /* LaunchScreen.storyboard */ = {
			isa = PBXVariantGroup;
			children = (
				912AB1A11E31C2B4009590F1 /* Base */,
			);
			name = LaunchScreen.storyboard;
			sourceTree = "<group>";
		};
/* End PBXVariantGroup section */

/* Begin XCBuildConfiguration section */
		912AB1A41E31C2B4009590F1 /* Debug */ = {
			isa = XCBuildConfiguration;
			buildSettings = {
				ALWAYS_SEARCH_USER_PATHS = NO;
				CLANG_ANALYZER_NONNULL = YES;
				CLANG_CXX_LANGUAGE_STANDARD = "gnu++0x";
				CLANG_CXX_LIBRARY = "libc++";
				CLANG_ENABLE_MODULES = YES;
				CLANG_ENABLE_OBJC_ARC = YES;
				CLANG_WARN_BOOL_CONVERSION = YES;
				CLANG_WARN_CONSTANT_CONVERSION = YES;
				CLANG_WARN_DIRECT_OBJC_ISA_USAGE = YES_ERROR;
				CLANG_WARN_DOCUMENTATION_COMMENTS = YES;
				CLANG_WARN_EMPTY_BODY = YES;
				CLANG_WARN_ENUM_CONVERSION = YES;
				CLANG_WARN_INFINITE_RECURSION = YES;
				CLANG_WARN_INT_CONVERSION = YES;
				CLANG_WARN_OBJC_ROOT_CLASS = YES_ERROR;
				CLANG_WARN_SUSPICIOUS_MOVE = YES;
				CLANG_WARN_UNREACHABLE_CODE = YES;
				CLANG_WARN__DUPLICATE_METHOD_MATCH = YES;
				"CODE_SIGN_IDENTITY[sdk=iphoneos*]" = "iPhone Developer";
				COPY_PHASE_STRIP = NO;
				DEBUG_INFORMATION_FORMAT = dwarf;
				ENABLE_STRICT_OBJC_MSGSEND = YES;
				ENABLE_TESTABILITY = YES;
				GCC_C_LANGUAGE_STANDARD = gnu99;
				GCC_DYNAMIC_NO_PIC = NO;
				GCC_NO_COMMON_BLOCKS = YES;
				GCC_OPTIMIZATION_LEVEL = 0;
				GCC_PREPROCESSOR_DEFINITIONS = (
					"DEBUG=1",
					"$(inherited)",
				);
				GCC_WARN_64_TO_32_BIT_CONVERSION = YES;
				GCC_WARN_ABOUT_RETURN_TYPE = YES_ERROR;
				GCC_WARN_UNDECLARED_SELECTOR = YES;
				GCC_WARN_UNINITIALIZED_AUTOS = YES_AGGRESSIVE;
				GCC_WARN_UNUSED_FUNCTION = YES;
				GCC_WARN_UNUSED_VARIABLE = YES;
				IPHONEOS_DEPLOYMENT_TARGET = 10.2;
				MTL_ENABLE_DEBUG_INFO = YES;
				ONLY_ACTIVE_ARCH = YES;
				SDKROOT = iphoneos;
				SWIFT_ACTIVE_COMPILATION_CONDITIONS = DEBUG;
				SWIFT_OPTIMIZATION_LEVEL = "-Onone";
				TARGETED_DEVICE_FAMILY = "1,2";
			};
			name = Debug;
		};
		912AB1A51E31C2B4009590F1 /* Release */ = {
			isa = XCBuildConfiguration;
			buildSettings = {
				ALWAYS_SEARCH_USER_PATHS = NO;
				CLANG_ANALYZER_NONNULL = YES;
				CLANG_CXX_LANGUAGE_STANDARD = "gnu++0x";
				CLANG_CXX_LIBRARY = "libc++";
				CLANG_ENABLE_MODULES = YES;
				CLANG_ENABLE_OBJC_ARC = YES;
				CLANG_WARN_BOOL_CONVERSION = YES;
				CLANG_WARN_CONSTANT_CONVERSION = YES;
				CLANG_WARN_DIRECT_OBJC_ISA_USAGE = YES_ERROR;
				CLANG_WARN_DOCUMENTATION_COMMENTS = YES;
				CLANG_WARN_EMPTY_BODY = YES;
				CLANG_WARN_ENUM_CONVERSION = YES;
				CLANG_WARN_INFINITE_RECURSION = YES;
				CLANG_WARN_INT_CONVERSION = YES;
				CLANG_WARN_OBJC_ROOT_CLASS = YES_ERROR;
				CLANG_WARN_SUSPICIOUS_MOVE = YES;
				CLANG_WARN_UNREACHABLE_CODE = YES;
				CLANG_WARN__DUPLICATE_METHOD_MATCH = YES;
				"CODE_SIGN_IDENTITY[sdk=iphoneos*]" = "iPhone Developer";
				COPY_PHASE_STRIP = NO;
				DEBUG_INFORMATION_FORMAT = "dwarf-with-dsym";
				ENABLE_NS_ASSERTIONS = NO;
				ENABLE_STRICT_OBJC_MSGSEND = YES;
				GCC_C_LANGUAGE_STANDARD = gnu99;
				GCC_NO_COMMON_BLOCKS = YES;
				GCC_WARN_64_TO_32_BIT_CONVERSION = YES;
				GCC_WARN_ABOUT_RETURN_TYPE = YES_ERROR;
				GCC_WARN_UNDECLARED_SELECTOR = YES;
				GCC_WARN_UNINITIALIZED_AUTOS = YES_AGGRESSIVE;
				GCC_WARN_UNUSED_FUNCTION = YES;
				GCC_WARN_UNUSED_VARIABLE = YES;
				IPHONEOS_DEPLOYMENT_TARGET = 10.2;
				MTL_ENABLE_DEBUG_INFO = NO;
				SDKROOT = iphoneos;
				SWIFT_OPTIMIZATION_LEVEL = "-Owholemodule";
				TARGETED_DEVICE_FAMILY = "1,2";
				VALIDATE_PRODUCT = YES;
			};
			name = Release;
		};
		912AB1A71E31C2B4009590F1 /* Debug */ = {
			isa = XCBuildConfiguration;
			buildSettings = {
				ASSETCATALOG_COMPILER_APPICON_NAME = AppIcon;
				DEVELOPMENT_TEAM = PW5CGBBSUC;
				INFOPLIST_FILE = OnTheMapReloaded/Info.plist;
				LD_RUNPATH_SEARCH_PATHS = "$(inherited) @executable_path/Frameworks";
				PRODUCT_BUNDLE_IDENTIFIER = com.SeanPerez.OnTheMapReloaded;
				PRODUCT_NAME = "$(TARGET_NAME)";
				SWIFT_VERSION = 3.0;
			};
			name = Debug;
		};
		912AB1A81E31C2B4009590F1 /* Release */ = {
			isa = XCBuildConfiguration;
			buildSettings = {
				ASSETCATALOG_COMPILER_APPICON_NAME = AppIcon;
				DEVELOPMENT_TEAM = PW5CGBBSUC;
				INFOPLIST_FILE = OnTheMapReloaded/Info.plist;
				LD_RUNPATH_SEARCH_PATHS = "$(inherited) @executable_path/Frameworks";
				PRODUCT_BUNDLE_IDENTIFIER = com.SeanPerez.OnTheMapReloaded;
				PRODUCT_NAME = "$(TARGET_NAME)";
				SWIFT_VERSION = 3.0;
			};
			name = Release;
		};
/* End XCBuildConfiguration section */

/* Begin XCConfigurationList section */
		912AB18F1E31C2B4009590F1 /* Build configuration list for PBXProject "OnTheMapReloaded" */ = {
			isa = XCConfigurationList;
			buildConfigurations = (
				912AB1A41E31C2B4009590F1 /* Debug */,
				912AB1A51E31C2B4009590F1 /* Release */,
			);
			defaultConfigurationIsVisible = 0;
			defaultConfigurationName = Release;
		};
		912AB1A61E31C2B4009590F1 /* Build configuration list for PBXNativeTarget "OnTheMapReloaded" */ = {
			isa = XCConfigurationList;
			buildConfigurations = (
				912AB1A71E31C2B4009590F1 /* Debug */,
				912AB1A81E31C2B4009590F1 /* Release */,
			);
			defaultConfigurationIsVisible = 0;
			defaultConfigurationName = Release;
		};
/* End XCConfigurationList section */
	};
	rootObject = 912AB18C1E31C2B4009590F1 /* Project object */;
}
